
Microsoft Visual Studio Solution File, Format Version 12.00
# Visual Studio Version 17
VisualStudioVersion = 17.7.34031.279
MinimumVisualStudioVersion = 10.0.40219.1
Project("{FAE04EC0-301F-11D3-BF4B-00C04F79EFBC}") = "Tema3-Mosaico", "Tema3-Mosaico.csproj", "{20ED8A02-2FED-4343-AA29-D62F15ABAB8B}"
EndProject
Global
	GlobalSection(SolutionConfigurationPlatforms) = preSolution
		Debug|Any CPU = Debug|Any CPU
		Release|Any CPU = Release|Any CPU
	EndGlobalSection
	GlobalSection(ProjectConfigurationPlatforms) = postSolution
		{20ED8A02-2FED-4343-AA29-D62F15ABAB8B}.Debug|Any CPU.ActiveCfg = Debug|Any CPU
		{20ED8A02-2FED-4343-AA29-D62F15ABAB8B}.Debug|Any CPU.Build.0 = Debug|Any CPU
		{20ED8A02-2FED-4343-AA29-D62F15ABAB8B}.Release|Any CPU.ActiveCfg = Release|Any CPU
		{20ED8A02-2FED-4343-AA29-D62F15ABAB8B}.Release|Any CPU.Build.0 = Release|Any CPU
	EndGlobalSection
	GlobalSection(SolutionProperties) = preSolution
		HideSolutionNode = FALSE
	EndGlobalSection
	GlobalSection(ExtensibilityGlobals) = postSolution
		SolutionGuid = {DEDEC2DC-F351-4D3D-8CD6-DB9DDC27881A}
	EndGlobalSection
EndGlobal
